lockfileVersion: '9.0'

settings:
  autoInstallPeers: true
  excludeLinksFromLockfile: false

importers:
  .:
    devDependencies:
      '@cloudflare/workers-types':
        specifier: ^4.20250208.0
        version: 4.20250208.0
      typescript:
        specifier: ^5.8.2
        version: 5.8.2
      wrangler:
        specifier: ^4.11.1
        version: 4.11.1

  widget:
    dependencies:
      react:
        specifier: ^18.3.1
        version: 18.3.1
      react-dom:
        specifier: ^18.3.1
        version: 18.3.1
    devDependencies:
      '@types/react':
        specifier: ^18.3.12
        version: 18.3.12
      '@types/react-dom':
        specifier: ^18.3.1
        version: 18.3.1
      '@vitejs/plugin-react':
        specifier: ^4.3.4
        version: 4.3.4
      typescript:
        specifier: ^5.8.2
        version: 5.8.2
      vite:
        specifier: ^5.4.14
        version: 5.4.14
